
Microsoft Visual Studio Solution File, Format Version 12.00
# Visual Studio Version 16
VisualStudioVersion = 16.0.31424.327
MinimumVisualStudioVersion = 10.0.40219.1
Project("{FAE04EC0-301F-11D3-BF4B-00C04F79EFBC}") = "OOP-HW", "OOP-HW\OOP-HW.csproj", "{154911E4-505B-4248-BB52-5F0257890318}"
EndProject
Global
	GlobalSection(SolutionConfigurationPlatforms) = preSolution
		Debug|Any CPU = Debug|Any CPU
		Release|Any CPU = Release|Any CPU
	EndGlobalSection
	GlobalSection(ProjectConfigurationPlatforms) = postSolution
		{154911E4-505B-4248-BB52-5F0257890318}.Debug|Any CPU.ActiveCfg = Debug|Any CPU
		{154911E4-505B-4248-BB52-5F0257890318}.Debug|Any CPU.Build.0 = Debug|Any CPU
		{154911E4-505B-4248-BB52-5F0257890318}.Release|Any CPU.ActiveCfg = Release|Any CPU
		{154911E4-505B-4248-BB52-5F0257890318}.Release|Any CPU.Build.0 = Release|Any CPU
	EndGlobalSection
	GlobalSection(SolutionProperties) = preSolution
		HideSolutionNode = FALSE
	EndGlobalSection
	GlobalSection(ExtensibilityGlobals) = postSolution
		SolutionGuid = {BE4D850C-E07C-4914-8187-D9F6DB34BFD0}
	EndGlobalSection
EndGlobal
